
Microsoft Visual Studio Solution File, Format Version 12.00
# Visual Studio Version 16
VisualStudioVersion = 16.0.30114.105
MinimumVisualStudioVersion = 10.0.40219.1
Project("{FAE04EC0-301F-11D3-BF4B-00C04F79EFBC}") = "ConsoleApp4", "ConsoleApp4\ConsoleApp4.csproj", "{46F48593-6319-4C7B-8AB2-1D96ACD0D0F9}"
EndProject
Global
	GlobalSection(SolutionConfigurationPlatforms) = preSolution
		Debug|Any CPU = Debug|Any CPU
		Release|Any CPU = Release|Any CPU
	EndGlobalSection
	GlobalSection(ProjectConfigurationPlatforms) = postSolution
		{46F48593-6319-4C7B-8AB2-1D96ACD0D0F9}.Debug|Any CPU.ActiveCfg = Debug|Any CPU
		{46F48593-6319-4C7B-8AB2-1D96ACD0D0F9}.Debug|Any CPU.Build.0 = Debug|Any CPU
		{46F48593-6319-4C7B-8AB2-1D96ACD0D0F9}.Release|Any CPU.ActiveCfg = Release|Any CPU
		{46F48593-6319-4C7B-8AB2-1D96ACD0D0F9}.Release|Any CPU.Build.0 = Release|Any CPU
	EndGlobalSection
	GlobalSection(SolutionProperties) = preSolution
		HideSolutionNode = FALSE
	EndGlobalSection
	GlobalSection(ExtensibilityGlobals) = postSolution
		SolutionGuid = {0C023AEF-AFEA-44B7-81B0-88DFE221E9C2}
	EndGlobalSection
EndGlobal
